
Microsoft Visual Studio Solution File, Format Version 12.00
# Visual Studio Version 17
VisualStudioVersion = 17.5.33502.453
MinimumVisualStudioVersion = 10.0.40219.1
Project("{FAE04EC0-301F-11D3-BF4B-00C04F79EFBC}") = "DivingIntoUOW", "DivingIntoUOW\DivingIntoUOW.csproj", "{ECF051CB-816F-43DC-AD32-B07C09C47C05}"
EndProject
Project("{FAE04EC0-301F-11D3-BF4B-00C04F79EFBC}") = "DivingIntoUOW.Core", "DivingIntoUOW.Core\DivingIntoUOW.Core.csproj", "{7D069BE0-F423-45C6-A684-AC356C361D4F}"
EndProject
Project("{FAE04EC0-301F-11D3-BF4B-00C04F79EFBC}") = "DivingIntoUOW.Infrastructure", "DivingIntoUOW.Infrastructure\DivingIntoUOW.Infrastructure.csproj", "{D061B405-2E13-479F-A1F4-58398448A113}"
EndProject
Project("{FAE04EC0-301F-11D3-BF4B-00C04F79EFBC}") = "DivingIntoUOW.Services", "DivingIntoUOW.Services\DivingIntoUOW.Services.csproj", "{8FF13A14-FF3E-41D3-B11D-D064CEAD074A}"
EndProject
Global
	GlobalSection(SolutionConfigurationPlatforms) = preSolution
		Debug|Any CPU = Debug|Any CPU
		Release|Any CPU = Release|Any CPU
	EndGlobalSection
	GlobalSection(ProjectConfigurationPlatforms) = postSolution
		{ECF051CB-816F-43DC-AD32-B07C09C47C05}.Debug|Any CPU.ActiveCfg = Debug|Any CPU
		{ECF051CB-816F-43DC-AD32-B07C09C47C05}.Debug|Any CPU.Build.0 = Debug|Any CPU
		{ECF051CB-816F-43DC-AD32-B07C09C47C05}.Release|Any CPU.ActiveCfg = Release|Any CPU
		{ECF051CB-816F-43DC-AD32-B07C09C47C05}.Release|Any CPU.Build.0 = Release|Any CPU
		{7D069BE0-F423-45C6-A684-AC356C361D4F}.Debug|Any CPU.ActiveCfg = Debug|Any CPU
		{7D069BE0-F423-45C6-A684-AC356C361D4F}.Debug|Any CPU.Build.0 = Debug|Any CPU
		{7D069BE0-F423-45C6-A684-AC356C361D4F}.Release|Any CPU.ActiveCfg = Release|Any CPU
		{7D069BE0-F423-45C6-A684-AC356C361D4F}.Release|Any CPU.Build.0 = Release|Any CPU
		{D061B405-2E13-479F-A1F4-58398448A113}.Debug|Any CPU.ActiveCfg = Debug|Any CPU
		{D061B405-2E13-479F-A1F4-58398448A113}.Debug|Any CPU.Build.0 = Debug|Any CPU
		{D061B405-2E13-479F-A1F4-58398448A113}.Release|Any CPU.ActiveCfg = Release|Any CPU
		{D061B405-2E13-479F-A1F4-58398448A113}.Release|Any CPU.Build.0 = Release|Any CPU
		{8FF13A14-FF3E-41D3-B11D-D064CEAD074A}.Debug|Any CPU.ActiveCfg = Debug|Any CPU
		{8FF13A14-FF3E-41D3-B11D-D064CEAD074A}.Debug|Any CPU.Build.0 = Debug|Any CPU
		{8FF13A14-FF3E-41D3-B11D-D064CEAD074A}.Release|Any CPU.ActiveCfg = Release|Any CPU
		{8FF13A14-FF3E-41D3-B11D-D064CEAD074A}.Release|Any CPU.Build.0 = Release|Any CPU
	EndGlobalSection
	GlobalSection(SolutionProperties) = preSolution
		HideSolutionNode = FALSE
	EndGlobalSection
	GlobalSection(ExtensibilityGlobals) = postSolution
		SolutionGuid = {D6925798-3A94-4897-98D4-68F985EA627B}
	EndGlobalSection
EndGlobal
